// !$*UTF8*$!
{
	archiveVersion = 1;
	classes = {
	};
	objectVersion = 56;
	objects = {

/* Begin PBXBuildFile section */
		923B7D2C28F921CE000E46BD /* RecurrencePeriod.swift in Sources */ = {isa = PBXBuildFile; fileRef = 923B7D2B28F921CE000E46BD /* RecurrencePeriod.swift */; };
		923B7D2E28F923AC000E46BD /* DissmissKeyboard.swift in Sources */ = {isa = PBXBuildFile; fileRef = 923B7D2D28F923AC000E46BD /* DissmissKeyboard.swift */; };
		923B7D3028F92B15000E46BD /* RecurrencePeriodPicker.swift in Sources */ = {isa = PBXBuildFile; fileRef = 923B7D2F28F92B15000E46BD /* RecurrencePeriodPicker.swift */; };
		923B7D3228F92FA6000E46BD /* DateRepeatSheet.swift in Sources */ = {isa = PBXBuildFile; fileRef = 923B7D3128F92FA6000E46BD /* DateRepeatSheet.swift */; };
		923B7D3528F933CF000E46BD /* TransactionGroup.swift in Sources */ = {isa = PBXBuildFile; fileRef = 923B7D3428F933CF000E46BD /* TransactionGroup.swift */; };
		923B7D3728F937E6000E46BD /* AmountDisplay.swift in Sources */ = {isa = PBXBuildFile; fileRef = 923B7D3628F937E6000E46BD /* AmountDisplay.swift */; };
		923B7D3928F9397E000E46BD /* BudgetOverview.swift in Sources */ = {isa = PBXBuildFile; fileRef = 923B7D3828F9397E000E46BD /* BudgetOverview.swift */; };
		9246C91128FA4E3700D7849A /* RecurringTransactionRow.swift in Sources */ = {isa = PBXBuildFile; fileRef = 9246C91028FA4E3700D7849A /* RecurringTransactionRow.swift */; };
		9246C91328FBAA5700D7849A /* ReccuringTransactionGroup.swift in Sources */ = {isa = PBXBuildFile; fileRef = 9246C91228FBAA5700D7849A /* ReccuringTransactionGroup.swift */; };
		927B91DB28F220310013B404 /* BudgeteurApp.swift in Sources */ = {isa = PBXBuildFile; fileRef = 927B91DA28F220310013B404 /* BudgeteurApp.swift */; };
		927B91DD28F220310013B404 /* ContentView.swift in Sources */ = {isa = PBXBuildFile; fileRef = 927B91DC28F220310013B404 /* ContentView.swift */; };
		927B91DF28F220320013B404 /* Assets.xcassets in Resources */ = {isa = PBXBuildFile; fileRef = 927B91DE28F220320013B404 /* Assets.xcassets */; };
		927B91E228F220320013B404 /* Preview Assets.xcassets in Resources */ = {isa = PBXBuildFile; fileRef = 927B91E128F220320013B404 /* Preview Assets.xcassets */; };
		927B91EC28F220320013B404 /* BudgeteurTests.swift in Sources */ = {isa = PBXBuildFile; fileRef = 927B91EB28F220320013B404 /* BudgeteurTests.swift */; };
		927B91F628F220320013B404 /* BudgeteurUITests.swift in Sources */ = {isa = PBXBuildFile; fileRef = 927B91F528F220320013B404 /* BudgeteurUITests.swift */; };
		927B91F828F220320013B404 /* BudgeteurUITestsLaunchTests.swift in Sources */ = {isa = PBXBuildFile; fileRef = 927B91F728F220320013B404 /* BudgeteurUITestsLaunchTests.swift */; };
		927B920528F220670013B404 /* TransactionRow.swift in Sources */ = {isa = PBXBuildFile; fileRef = 927B920428F220670013B404 /* TransactionRow.swift */; };
		927B920728F227890013B404 /* Transaction.swift in Sources */ = {isa = PBXBuildFile; fileRef = 927B920628F227890013B404 /* Transaction.swift */; };
		927B920928F22A2F0013B404 /* History.swift in Sources */ = {isa = PBXBuildFile; fileRef = 927B920828F22A2F0013B404 /* History.swift */; };
		927B920B28F22AEA0013B404 /* DataModel.swift in Sources */ = {isa = PBXBuildFile; fileRef = 927B920A28F22AEA0013B404 /* DataModel.swift */; };
		927B921328F241270013B404 /* TransactionEditor.swift in Sources */ = {isa = PBXBuildFile; fileRef = 927B921228F241270013B404 /* TransactionEditor.swift */; };
		927B921828F3AFEB0013B404 /* Record.swift in Sources */ = {isa = PBXBuildFile; fileRef = 927B921728F3AFEB0013B404 /* Record.swift */; };
		927B921A28F3B87E0013B404 /* Keypad.swift in Sources */ = {isa = PBXBuildFile; fileRef = 927B921928F3B87E0013B404 /* Keypad.swift */; };
		927B921C28F3CCE50013B404 /* Currency.swift in Sources */ = {isa = PBXBuildFile; fileRef = 927B921B28F3CCE50013B404 /* Currency.swift */; };
		927B921E28F3D6C20013B404 /* Stateful.swift in Sources */ = {isa = PBXBuildFile; fileRef = 927B921D28F3D6C20013B404 /* Stateful.swift */; };
		927B922028F4C1CE0013B404 /* UserCategory.swift in Sources */ = {isa = PBXBuildFile; fileRef = 927B921F28F4C1CE0013B404 /* UserCategory.swift */; };
		927B922228F4DF7E0013B404 /* CategorySelector.swift in Sources */ = {isa = PBXBuildFile; fileRef = 927B922128F4DF7E0013B404 /* CategorySelector.swift */; };
		92B2A0CF28F5514D00B81F0D /* CategoryEditor.swift in Sources */ = {isa = PBXBuildFile; fileRef = 92B2A0CE28F5514D00B81F0D /* CategoryEditor.swift */; };
		92B2A0D228F667FB00B81F0D /* PeriodPicker.swift in Sources */ = {isa = PBXBuildFile; fileRef = 92B2A0D128F667FB00B81F0D /* PeriodPicker.swift */; };
		92B2A0D428F66BCA00B81F0D /* Period.swift in Sources */ = {isa = PBXBuildFile; fileRef = 92B2A0D328F66BCA00B81F0D /* Period.swift */; };
/* End PBXBuildFile section */

/* Begin PBXContainerItemProxy section */
		927B91E828F220320013B404 /* PBXContainerItemProxy */ = {
			isa = PBXContainerItemProxy;
			containerPortal = 927B91CF28F220310013B404 /* Project object */;
			proxyType = 1;
			remoteGlobalIDString = 927B91D628F220310013B404;
			remoteInfo = Budgeteur;
		};
		927B91F228F220320013B404 /* PBXContainerItemProxy */ = {
			isa = PBXContainerItemProxy;
			containerPortal = 927B91CF28F220310013B404 /* Project object */;
			proxyType = 1;
			remoteGlobalIDString = 927B91D628F220310013B404;
			remoteInfo = Budgeteur;
		};
/* End PBXContainerItemProxy section */

/* Begin PBXFileReference section */
		923B7D2B28F921CE000E46BD /* RecurrencePeriod.swift */ = {isa = PBXFileReference; lastKnownFileType = sourcecode.swift; path = RecurrencePeriod.swift; sourceTree = "<group>"; };
		923B7D2D28F923AC000E46BD /* DissmissKeyboard.swift */ = {isa = PBXFileReference; lastKnownFileType = sourcecode.swift; path = DissmissKeyboard.swift; sourceTree = "<group>"; };
		923B7D2F28F92B15000E46BD /* RecurrencePeriodPicker.swift */ = {isa = PBXFileReference; lastKnownFileType = sourcecode.swift; path = RecurrencePeriodPicker.swift; sourceTree = "<group>"; };
		923B7D3128F92FA6000E46BD /* DateRepeatSheet.swift */ = {isa = PBXFileReference; lastKnownFileType = sourcecode.swift; path = DateRepeatSheet.swift; sourceTree = "<group>"; };
		923B7D3428F933CF000E46BD /* TransactionGroup.swift */ = {isa = PBXFileReference; lastKnownFileType = sourcecode.swift; path = TransactionGroup.swift; sourceTree = "<group>"; };
		923B7D3628F937E6000E46BD /* AmountDisplay.swift */ = {isa = PBXFileReference; lastKnownFileType = sourcecode.swift; path = AmountDisplay.swift; sourceTree = "<group>"; };
		923B7D3828F9397E000E46BD /* BudgetOverview.swift */ = {isa = PBXFileReference; lastKnownFileType = sourcecode.swift; path = BudgetOverview.swift; sourceTree = "<group>"; };
		9246C91028FA4E3700D7849A /* RecurringTransactionRow.swift */ = {isa = PBXFileReference; lastKnownFileType = sourcecode.swift; path = RecurringTransactionRow.swift; sourceTree = "<group>"; };
		9246C91228FBAA5700D7849A /* ReccuringTransactionGroup.swift */ = {isa = PBXFileReference; lastKnownFileType = sourcecode.swift; path = ReccuringTransactionGroup.swift; sourceTree = "<group>"; };
		927B91D728F220310013B404 /* Budgeteur.app */ = {isa = PBXFileReference; explicitFileType = wrapper.application; includeInIndex = 0; path = Budgeteur.app; sourceTree = BUILT_PRODUCTS_DIR; };
		927B91DA28F220310013B404 /* BudgeteurApp.swift */ = {isa = PBXFileReference; lastKnownFileType = sourcecode.swift; path = BudgeteurApp.swift; sourceTree = "<group>"; };
		927B91DC28F220310013B404 /* ContentView.swift */ = {isa = PBXFileReference; lastKnownFileType = sourcecode.swift; path = ContentView.swift; sourceTree = "<group>"; };
		927B91DE28F220320013B404 /* Assets.xcassets */ = {isa = PBXFileReference; lastKnownFileType = folder.assetcatalog; path = Assets.xcassets; sourceTree = "<group>"; };
		927B91E128F220320013B404 /* Preview Assets.xcassets */ = {isa = PBXFileReference; lastKnownFileType = folder.assetcatalog; path = "Preview Assets.xcassets"; sourceTree = "<group>"; };
		927B91E728F220320013B404 /* BudgeteurTests.xctest */ = {isa = PBXFileReference; explicitFileType = wrapper.cfbundle; includeInIndex = 0; path = BudgeteurTests.xctest; sourceTree = BUILT_PRODUCTS_DIR; };
		927B91EB28F220320013B404 /* BudgeteurTests.swift */ = {isa = PBXFileReference; lastKnownFileType = sourcecode.swift; path = BudgeteurTests.swift; sourceTree = "<group>"; };
		927B91F128F220320013B404 /* BudgeteurUITests.xctest */ = {isa = PBXFileReference; explicitFileType = wrapper.cfbundle; includeInIndex = 0; path = BudgeteurUITests.xctest; sourceTree = BUILT_PRODUCTS_DIR; };
		927B91F528F220320013B404 /* BudgeteurUITests.swift */ = {isa = PBXFileReference; lastKnownFileType = sourcecode.swift; path = BudgeteurUITests.swift; sourceTree = "<group>"; };
		927B91F728F220320013B404 /* BudgeteurUITestsLaunchTests.swift */ = {isa = PBXFileReference; lastKnownFileType = sourcecode.swift; path = BudgeteurUITestsLaunchTests.swift; sourceTree = "<group>"; };
		927B920428F220670013B404 /* TransactionRow.swift */ = {isa = PBXFileReference; lastKnownFileType = sourcecode.swift; path = TransactionRow.swift; sourceTree = "<group>"; };
		927B920628F227890013B404 /* Transaction.swift */ = {isa = PBXFileReference; lastKnownFileType = sourcecode.swift; path = Transaction.swift; sourceTree = "<group>"; };
		927B920828F22A2F0013B404 /* History.swift */ = {isa = PBXFileReference; lastKnownFileType = sourcecode.swift; path = History.swift; sourceTree = "<group>"; };
		927B920A28F22AEA0013B404 /* DataModel.swift */ = {isa = PBXFileReference; lastKnownFileType = sourcecode.swift; path = DataModel.swift; sourceTree = "<group>"; };
		927B921228F241270013B404 /* TransactionEditor.swift */ = {isa = PBXFileReference; lastKnownFileType = sourcecode.swift; path = TransactionEditor.swift; sourceTree = "<group>"; };
		927B921728F3AFEB0013B404 /* Record.swift */ = {isa = PBXFileReference; lastKnownFileType = sourcecode.swift; path = Record.swift; sourceTree = "<group>"; };
		927B921928F3B87E0013B404 /* Keypad.swift */ = {isa = PBXFileReference; lastKnownFileType = sourcecode.swift; path = Keypad.swift; sourceTree = "<group>"; };
		927B921B28F3CCE50013B404 /* Currency.swift */ = {isa = PBXFileReference; lastKnownFileType = sourcecode.swift; path = Currency.swift; sourceTree = "<group>"; };
		927B921D28F3D6C20013B404 /* Stateful.swift */ = {isa = PBXFileReference; lastKnownFileType = sourcecode.swift; path = Stateful.swift; sourceTree = "<group>"; };
		927B921F28F4C1CE0013B404 /* UserCategory.swift */ = {isa = PBXFileReference; lastKnownFileType = sourcecode.swift; path = UserCategory.swift; sourceTree = "<group>"; };
		927B922128F4DF7E0013B404 /* CategorySelector.swift */ = {isa = PBXFileReference; lastKnownFileType = sourcecode.swift; path = CategorySelector.swift; sourceTree = "<group>"; };
		92B2A0CE28F5514D00B81F0D /* CategoryEditor.swift */ = {isa = PBXFileReference; lastKnownFileType = sourcecode.swift; path = CategoryEditor.swift; sourceTree = "<group>"; };
		92B2A0D128F667FB00B81F0D /* PeriodPicker.swift */ = {isa = PBXFileReference; lastKnownFileType = sourcecode.swift; path = PeriodPicker.swift; sourceTree = "<group>"; };
		92B2A0D328F66BCA00B81F0D /* Period.swift */ = {isa = PBXFileReference; lastKnownFileType = sourcecode.swift; path = Period.swift; sourceTree = "<group>"; };
/* End PBXFileReference section */

/* Begin PBXFrameworksBuildPhase section */
		927B91D428F220310013B404 /* Frameworks */ = {
			isa = PBXFrameworksBuildPhase;
			buildActionMask = 2147483647;
			files = (
			);
			runOnlyForDeploymentPostprocessing = 0;
		};
		927B91E428F220320013B404 /* Frameworks */ = {
			isa = PBXFrameworksBuildPhase;
			buildActionMask = 2147483647;
			files = (
			);
			runOnlyForDeploymentPostprocessing = 0;
		};
		927B91EE28F220320013B404 /* Frameworks */ = {
			isa = PBXFrameworksBuildPhase;
			buildActionMask = 2147483647;
			files = (
			);
			runOnlyForDeploymentPostprocessing = 0;
		};
/* End PBXFrameworksBuildPhase section */

/* Begin PBXGroup section */
		923B7D3328F9301E000E46BD /* Record */ = {
			isa = PBXGroup;
			children = (
				927B921728F3AFEB0013B404 /* Record.swift */,
				923B7D3828F9397E000E46BD /* BudgetOverview.swift */,
				923B7D3628F937E6000E46BD /* AmountDisplay.swift */,
				927B921928F3B87E0013B404 /* Keypad.swift */,
				923B7D3128F92FA6000E46BD /* DateRepeatSheet.swift */,
			);
			path = Record;
			sourceTree = "<group>";
		};
		927B91CE28F220310013B404 = {
			isa = PBXGroup;
			children = (
				927B91D928F220310013B404 /* Budgeteur */,
				927B91EA28F220320013B404 /* BudgeteurTests */,
				927B91F428F220320013B404 /* BudgeteurUITests */,
				927B91D828F220310013B404 /* Products */,
			);
			sourceTree = "<group>";
		};
		927B91D828F220310013B404 /* Products */ = {
			isa = PBXGroup;
			children = (
				927B91D728F220310013B404 /* Budgeteur.app */,
				927B91E728F220320013B404 /* BudgeteurTests.xctest */,
				927B91F128F220320013B404 /* BudgeteurUITests.xctest */,
			);
			name = Products;
			sourceTree = "<group>";
		};
		927B91D928F220310013B404 /* Budgeteur */ = {
			isa = PBXGroup;
			children = (
				927B91DA28F220310013B404 /* BudgeteurApp.swift */,
				927B920C28F22CA60013B404 /* Views */,
				927B920D28F22CAE0013B404 /* Model */,
				927B91DE28F220320013B404 /* Assets.xcassets */,
				927B91E028F220320013B404 /* Preview Content */,
			);
			path = Budgeteur;
			sourceTree = "<group>";
		};
		927B91E028F220320013B404 /* Preview Content */ = {
			isa = PBXGroup;
			children = (
				927B91E128F220320013B404 /* Preview Assets.xcassets */,
			);
			path = "Preview Content";
			sourceTree = "<group>";
		};
		927B91EA28F220320013B404 /* BudgeteurTests */ = {
			isa = PBXGroup;
			children = (
				927B91EB28F220320013B404 /* BudgeteurTests.swift */,
			);
			path = BudgeteurTests;
			sourceTree = "<group>";
		};
		927B91F428F220320013B404 /* BudgeteurUITests */ = {
			isa = PBXGroup;
			children = (
				927B91F528F220320013B404 /* BudgeteurUITests.swift */,
				927B91F728F220320013B404 /* BudgeteurUITestsLaunchTests.swift */,
			);
			path = BudgeteurUITests;
			sourceTree = "<group>";
		};
		927B920C28F22CA60013B404 /* Views */ = {
			isa = PBXGroup;
			children = (
				927B91DC28F220310013B404 /* ContentView.swift */,
				923B7D2D28F923AC000E46BD /* DissmissKeyboard.swift */,
				927B921D28F3D6C20013B404 /* Stateful.swift */,
				927B922328F4E9120013B404 /* Category */,
				92B2A0D028F667E900B81F0D /* Period */,
				923B7D3328F9301E000E46BD /* Record */,
				927B921628F27AFD0013B404 /* History */,
			);
			path = Views;
			sourceTree = "<group>";
		};
		927B920D28F22CAE0013B404 /* Model */ = {
			isa = PBXGroup;
			children = (
				927B920628F227890013B404 /* Transaction.swift */,
				927B920A28F22AEA0013B404 /* DataModel.swift */,
				927B921B28F3CCE50013B404 /* Currency.swift */,
				927B921F28F4C1CE0013B404 /* UserCategory.swift */,
				92B2A0D328F66BCA00B81F0D /* Period.swift */,
				923B7D2B28F921CE000E46BD /* RecurrencePeriod.swift */,
			);
			path = Model;
			sourceTree = "<group>";
		};
		927B921628F27AFD0013B404 /* History */ = {
			isa = PBXGroup;
			children = (
				927B920828F22A2F0013B404 /* History.swift */,
				923B7D3428F933CF000E46BD /* TransactionGroup.swift */,
				9246C91228FBAA5700D7849A /* ReccuringTransactionGroup.swift */,
				927B920428F220670013B404 /* TransactionRow.swift */,
				9246C91028FA4E3700D7849A /* RecurringTransactionRow.swift */,
				927B921228F241270013B404 /* TransactionEditor.swift */,
			);
			path = History;
			sourceTree = "<group>";
		};
		927B922328F4E9120013B404 /* Category */ = {
			isa = PBXGroup;
			children = (
				927B922128F4DF7E0013B404 /* CategorySelector.swift */,
				92B2A0CE28F5514D00B81F0D /* CategoryEditor.swift */,
			);
			path = Category;
			sourceTree = "<group>";
		};
		92B2A0D028F667E900B81F0D /* Period */ = {
			isa = PBXGroup;
			children = (
				92B2A0D128F667FB00B81F0D /* PeriodPicker.swift */,
				923B7D2F28F92B15000E46BD /* RecurrencePeriodPicker.swift */,
			);
			path = Period;
			sourceTree = "<group>";
		};
/* End PBXGroup section */

/* Begin PBXNativeTarget section */
		927B91D628F220310013B404 /* Budgeteur */ = {
			isa = PBXNativeTarget;
			buildConfigurationList = 927B91FB28F220320013B404 /* Build configuration list for PBXNativeTarget "Budgeteur" */;
			buildPhases = (
				927B91D328F220310013B404 /* Sources */,
				927B91D428F220310013B404 /* Frameworks */,
				927B91D528F220310013B404 /* Resources */,
			);
			buildRules = (
			);
			dependencies = (
			);
			name = Budgeteur;
			productName = Budgeteur;
			productReference = 927B91D728F220310013B404 /* Budgeteur.app */;
			productType = "com.apple.product-type.application";
		};
		927B91E628F220320013B404 /* BudgeteurTests */ = {
			isa = PBXNativeTarget;
			buildConfigurationList = 927B91FE28F220320013B404 /* Build configuration list for PBXNativeTarget "BudgeteurTests" */;
			buildPhases = (
				927B91E328F220320013B404 /* Sources */,
				927B91E428F220320013B404 /* Frameworks */,
				927B91E528F220320013B404 /* Resources */,
			);
			buildRules = (
			);
			dependencies = (
				927B91E928F220320013B404 /* PBXTargetDependency */,
			);
			name = BudgeteurTests;
			productName = BudgeteurTests;
			productReference = 927B91E728F220320013B404 /* BudgeteurTests.xctest */;
			productType = "com.apple.product-type.bundle.unit-test";
		};
		927B91F028F220320013B404 /* BudgeteurUITests */ = {
			isa = PBXNativeTarget;
			buildConfigurationList = 927B920128F220320013B404 /* Build configuration list for PBXNativeTarget "BudgeteurUITests" */;
			buildPhases = (
				927B91ED28F220320013B404 /* Sources */,
				927B91EE28F220320013B404 /* Frameworks */,
				927B91EF28F220320013B404 /* Resources */,
			);
			buildRules = (
			);
			dependencies = (
				927B91F328F220320013B404 /* PBXTargetDependency */,
			);
			name = BudgeteurUITests;
			productName = BudgeteurUITests;
			productReference = 927B91F128F220320013B404 /* BudgeteurUITests.xctest */;
			productType = "com.apple.product-type.bundle.ui-testing";
		};
/* End PBXNativeTarget section */

/* Begin PBXProject section */
		927B91CF28F220310013B404 /* Project object */ = {
			isa = PBXProject;
			attributes = {
				BuildIndependentTargetsInParallel = 1;
				LastSwiftUpdateCheck = 1400;
				LastUpgradeCheck = 1400;
				TargetAttributes = {
					927B91D628F220310013B404 = {
						CreatedOnToolsVersion = 14.0.1;
					};
					927B91E628F220320013B404 = {
						CreatedOnToolsVersion = 14.0.1;
						TestTargetID = 927B91D628F220310013B404;
					};
					927B91F028F220320013B404 = {
						CreatedOnToolsVersion = 14.0.1;
						TestTargetID = 927B91D628F220310013B404;
					};
				};
			};
			buildConfigurationList = 927B91D228F220310013B404 /* Build configuration list for PBXProject "Budgeteur" */;
			compatibilityVersion = "Xcode 14.0";
			developmentRegion = en;
			hasScannedForEncodings = 0;
			knownRegions = (
				en,
				Base,
			);
			mainGroup = 927B91CE28F220310013B404;
			productRefGroup = 927B91D828F220310013B404 /* Products */;
			projectDirPath = "";
			projectRoot = "";
			targets = (
				927B91D628F220310013B404 /* Budgeteur */,
				927B91E628F220320013B404 /* BudgeteurTests */,
				927B91F028F220320013B404 /* BudgeteurUITests */,
			);
		};
/* End PBXProject section */

/* Begin PBXResourcesBuildPhase section */
		927B91D528F220310013B404 /* Resources */ = {
			isa = PBXResourcesBuildPhase;
			buildActionMask = 2147483647;
			files = (
				927B91E228F220320013B404 /* Preview Assets.xcassets in Resources */,
				927B91DF28F220320013B404 /* Assets.xcassets in Resources */,
			);
			runOnlyForDeploymentPostprocessing = 0;
		};
		927B91E528F220320013B404 /* Resources */ = {
			isa = PBXResourcesBuildPhase;
			buildActionMask = 2147483647;
			files = (
			);
			runOnlyForDeploymentPostprocessing = 0;
		};
		927B91EF28F220320013B404 /* Resources */ = {
			isa = PBXResourcesBuildPhase;
			buildActionMask = 2147483647;
			files = (
			);
			runOnlyForDeploymentPostprocessing = 0;
		};
/* End PBXResourcesBuildPhase section */

/* Begin PBXSourcesBuildPhase section */
		927B91D328F220310013B404 /* Sources */ = {
			isa = PBXSourcesBuildPhase;
			buildActionMask = 2147483647;
			files = (
				927B920528F220670013B404 /* TransactionRow.swift in Sources */,
				927B920928F22A2F0013B404 /* History.swift in Sources */,
				927B921A28F3B87E0013B404 /* Keypad.swift in Sources */,
				927B921828F3AFEB0013B404 /* Record.swift in Sources */,
				9246C91128FA4E3700D7849A /* RecurringTransactionRow.swift in Sources */,
				927B921328F241270013B404 /* TransactionEditor.swift in Sources */,
				923B7D3928F9397E000E46BD /* BudgetOverview.swift in Sources */,
				927B91DD28F220310013B404 /* ContentView.swift in Sources */,
				927B921C28F3CCE50013B404 /* Currency.swift in Sources */,
				923B7D2E28F923AC000E46BD /* DissmissKeyboard.swift in Sources */,
				927B921E28F3D6C20013B404 /* Stateful.swift in Sources */,
				92B2A0D228F667FB00B81F0D /* PeriodPicker.swift in Sources */,
				927B920728F227890013B404 /* Transaction.swift in Sources */,
				92B2A0D428F66BCA00B81F0D /* Period.swift in Sources */,
				9246C91328FBAA5700D7849A /* ReccuringTransactionGroup.swift in Sources */,
				923B7D3228F92FA6000E46BD /* DateRepeatSheet.swift in Sources */,
				927B91DB28F220310013B404 /* BudgeteurApp.swift in Sources */,
				923B7D3728F937E6000E46BD /* AmountDisplay.swift in Sources */,
				927B922228F4DF7E0013B404 /* CategorySelector.swift in Sources */,
				927B920B28F22AEA0013B404 /* DataModel.swift in Sources */,
				923B7D3528F933CF000E46BD /* TransactionGroup.swift in Sources */,
				923B7D2C28F921CE000E46BD /* RecurrencePeriod.swift in Sources */,
				92B2A0CF28F5514D00B81F0D /* CategoryEditor.swift in Sources */,
				927B922028F4C1CE0013B404 /* UserCategory.swift in Sources */,
				923B7D3028F92B15000E46BD /* RecurrencePeriodPicker.swift in Sources */,
			);
			runOnlyForDeploymentPostprocessing = 0;
		};
		927B91E328F220320013B404 /* Sources */ = {
			isa = PBXSourcesBuildPhase;
			buildActionMask = 2147483647;
			files = (
				927B91EC28F220320013B404 /* BudgeteurTests.swift in Sources */,
			);
			runOnlyForDeploymentPostprocessing = 0;
		};
		927B91ED28F220320013B404 /* Sources */ = {
			isa = PBXSourcesBuildPhase;
			buildActionMask = 2147483647;
			files = (
				927B91F828F220320013B404 /* BudgeteurUITestsLaunchTests.swift in Sources */,
				927B91F628F220320013B404 /* BudgeteurUITests.swift in Sources */,
			);
			runOnlyForDeploymentPostprocessing = 0;
		};
/* End PBXSourcesBuildPhase section */

/* Begin PBXTargetDependency section */
		927B91E928F220320013B404 /* PBXTargetDependency */ = {
			isa = PBXTargetDependency;
			target = 927B91D628F220310013B404 /* Budgeteur */;
			targetProxy = 927B91E828F220320013B404 /* PBXContainerItemProxy */;
		};
		927B91F328F220320013B404 /* PBXTargetDependency */ = {
			isa = PBXTargetDependency;
			target = 927B91D628F220310013B404 /* Budgeteur */;
			targetProxy = 927B91F228F220320013B404 /* PBXContainerItemProxy */;
		};
/* End PBXTargetDependency section */

/* Begin XCBuildConfiguration section */
		927B91F928F220320013B404 /* Debug */ = {
			isa = XCBuildConfiguration;
			buildSettings = {
				ALWAYS_SEARCH_USER_PATHS = NO;
				CLANG_ANALYZER_NONNULL = YES;
				CLANG_ANALYZER_NUMBER_OBJECT_CONVERSION = YES_AGGRESSIVE;
				CLANG_CXX_LANGUAGE_STANDARD = "gnu++20";
				CLANG_ENABLE_MODULES = YES;
				CLANG_ENABLE_OBJC_ARC = YES;
				CLANG_ENABLE_OBJC_WEAK = YES;
				CLANG_WARN_BLOCK_CAPTURE_AUTORELEASING = YES;
				CLANG_WARN_BOOL_CONVERSION = YES;
				CLANG_WARN_COMMA = YES;
				CLANG_WARN_CONSTANT_CONVERSION = YES;
				CLANG_WARN_DEPRECATED_OBJC_IMPLEMENTATIONS = YES;
				CLANG_WARN_DIRECT_OBJC_ISA_USAGE = YES_ERROR;
				CLANG_WARN_DOCUMENTATION_COMMENTS = YES;
				CLANG_WARN_EMPTY_BODY = YES;
				CLANG_WARN_ENUM_CONVERSION = YES;
				CLANG_WARN_INFINITE_RECURSION = YES;
				CLANG_WARN_INT_CONVERSION = YES;
				CLANG_WARN_NON_LITERAL_NULL_CONVERSION = YES;
				CLANG_WARN_OBJC_IMPLICIT_RETAIN_SELF = YES;
				CLANG_WARN_OBJC_LITERAL_CONVERSION = YES;
				CLANG_WARN_OBJC_ROOT_CLASS = YES_ERROR;
				CLANG_WARN_QUOTED_INCLUDE_IN_FRAMEWORK_HEADER = YES;
				CLANG_WARN_RANGE_LOOP_ANALYSIS = YES;
				CLANG_WARN_STRICT_PROTOTYPES = YES;
				CLANG_WARN_SUSPICIOUS_MOVE = YES;
				CLANG_WARN_UNGUARDED_AVAILABILITY = YES_AGGRESSIVE;
				CLANG_WARN_UNREACHABLE_CODE = YES;
				CLANG_WARN__DUPLICATE_METHOD_MATCH = YES;
				COPY_PHASE_STRIP = NO;
				DEBUG_INFORMATION_FORMAT = dwarf;
				ENABLE_STRICT_OBJC_MSGSEND = YES;
				ENABLE_TESTABILITY = YES;
				GCC_C_LANGUAGE_STANDARD = gnu11;
				GCC_DYNAMIC_NO_PIC = NO;
				GCC_NO_COMMON_BLOCKS = YES;
				GCC_OPTIMIZATION_LEVEL = 0;
				GCC_PREPROCESSOR_DEFINITIONS = (
					"DEBUG=1",
					"$(inherited)",
				);
				GCC_WARN_64_TO_32_BIT_CONVERSION = YES;
				GCC_WARN_ABOUT_RETURN_TYPE = YES_ERROR;
				GCC_WARN_UNDECLARED_SELECTOR = YES;
				GCC_WARN_UNINITIALIZED_AUTOS = YES_AGGRESSIVE;
				GCC_WARN_UNUSED_FUNCTION = YES;
				GCC_WARN_UNUSED_VARIABLE = YES;
				IPHONEOS_DEPLOYMENT_TARGET = 16.0;
				MTL_ENABLE_DEBUG_INFO = INCLUDE_SOURCE;
				MTL_FAST_MATH = YES;
				ONLY_ACTIVE_ARCH = YES;
				SDKROOT = iphoneos;
				SWIFT_ACTIVE_COMPILATION_CONDITIONS = DEBUG;
				SWIFT_OPTIMIZATION_LEVEL = "-Onone";
			};
			name = Debug;
		};
		927B91FA28F220320013B404 /* Release */ = {
			isa = XCBuildConfiguration;
			buildSettings = {
				ALWAYS_SEARCH_USER_PATHS = NO;
				CLANG_ANALYZER_NONNULL = YES;
				CLANG_ANALYZER_NUMBER_OBJECT_CONVERSION = YES_AGGRESSIVE;
				CLANG_CXX_LANGUAGE_STANDARD = "gnu++20";
				CLANG_ENABLE_MODULES = YES;
				CLANG_ENABLE_OBJC_ARC = YES;
				CLANG_ENABLE_OBJC_WEAK = YES;
				CLANG_WARN_BLOCK_CAPTURE_AUTORELEASING = YES;
				CLANG_WARN_BOOL_CONVERSION = YES;
				CLANG_WARN_COMMA = YES;
				CLANG_WARN_CONSTANT_CONVERSION = YES;
				CLANG_WARN_DEPRECATED_OBJC_IMPLEMENTATIONS = YES;
				CLANG_WARN_DIRECT_OBJC_ISA_USAGE = YES_ERROR;
				CLANG_WARN_DOCUMENTATION_COMMENTS = YES;
				CLANG_WARN_EMPTY_BODY = YES;
				CLANG_WARN_ENUM_CONVERSION = YES;
				CLANG_WARN_INFINITE_RECURSION = YES;
				CLANG_WARN_INT_CONVERSION = YES;
				CLANG_WARN_NON_LITERAL_NULL_CONVERSION = YES;
				CLANG_WARN_OBJC_IMPLICIT_RETAIN_SELF = YES;
				CLANG_WARN_OBJC_LITERAL_CONVERSION = YES;
				CLANG_WARN_OBJC_ROOT_CLASS = YES_ERROR;
				CLANG_WARN_QUOTED_INCLUDE_IN_FRAMEWORK_HEADER = YES;
				CLANG_WARN_RANGE_LOOP_ANALYSIS = YES;
				CLANG_WARN_STRICT_PROTOTYPES = YES;
				CLANG_WARN_SUSPICIOUS_MOVE = YES;
				CLANG_WARN_UNGUARDED_AVAILABILITY = YES_AGGRESSIVE;
				CLANG_WARN_UNREACHABLE_CODE = YES;
				CLANG_WARN__DUPLICATE_METHOD_MATCH = YES;
				COPY_PHASE_STRIP = NO;
				DEBUG_INFORMATION_FORMAT = "dwarf-with-dsym";
				ENABLE_NS_ASSERTIONS = NO;
				ENABLE_STRICT_OBJC_MSGSEND = YES;
				GCC_C_LANGUAGE_STANDARD = gnu11;
				GCC_NO_COMMON_BLOCKS = YES;
				GCC_WARN_64_TO_32_BIT_CONVERSION = YES;
				GCC_WARN_ABOUT_RETURN_TYPE = YES_ERROR;
				GCC_WARN_UNDECLARED_SELECTOR = YES;
				GCC_WARN_UNINITIALIZED_AUTOS = YES_AGGRESSIVE;
				GCC_WARN_UNUSED_FUNCTION = YES;
				GCC_WARN_UNUSED_VARIABLE = YES;
				IPHONEOS_DEPLOYMENT_TARGET = 16.0;
				MTL_ENABLE_DEBUG_INFO = NO;
				MTL_FAST_MATH = YES;
				SDKROOT = iphoneos;
				SWIFT_COMPILATION_MODE = wholemodule;
				SWIFT_OPTIMIZATION_LEVEL = "-O";
				VALIDATE_PRODUCT = YES;
			};
			name = Release;
		};
		927B91FC28F220320013B404 /* Debug */ = {
			isa = XCBuildConfiguration;
			buildSettings = {
				ASSETCATALOG_COMPILER_APPICON_NAME = AppIcon;
				ASSETCATALOG_COMPILER_GLOBAL_ACCENT_COLOR_NAME = AccentColor;
				CODE_SIGN_STYLE = Automatic;
				CURRENT_PROJECT_VERSION = 1;
				DEVELOPMENT_ASSET_PATHS = "\"Budgeteur/Preview Content\"";
				DEVELOPMENT_TEAM = ND56MQ9FUB;
				ENABLE_PREVIEWS = YES;
				GENERATE_INFOPLIST_FILE = YES;
				INFOPLIST_KEY_UIApplicationSceneManifest_Generation = YES;
				INFOPLIST_KEY_UIApplicationSupportsIndirectInputEvents = YES;
				INFOPLIST_KEY_UILaunchScreen_Generation = YES;
				INFOPLIST_KEY_UISupportedInterfaceOrientations = UIInterfaceOrientationPortrait;
				INFOPLIST_KEY_UISupportedInterfaceOrientations_iPad = "UIInterfaceOrientationLandscapeLeft UIInterfaceOrientationLandscapeRight UIInterfaceOrientationPortrait UIInterfaceOrientationPortraitUpsideDown";
				LD_RUNPATH_SEARCH_PATHS = (
					"$(inherited)",
					"@executable_path/Frameworks",
				);
				MARKETING_VERSION = 1.0;
				PRODUCT_BUNDLE_IDENTIFIER = com.dican732.Budgeteur;
				PRODUCT_NAME = "$(TARGET_NAME)";
				SWIFT_EMIT_LOC_STRINGS = YES;
				SWIFT_VERSION = 5.0;
				TARGETED_DEVICE_FAMILY = "1,2";
			};
			name = Debug;
		};
		927B91FD28F220320013B404 /* Release */ = {
			isa = XCBuildConfiguration;
			buildSettings = {
				ASSETCATALOG_COMPILER_APPICON_NAME = AppIcon;
				ASSETCATALOG_COMPILER_GLOBAL_ACCENT_COLOR_NAME = AccentColor;
				CODE_SIGN_STYLE = Automatic;
				CURRENT_PROJECT_VERSION = 1;
				DEVELOPMENT_ASSET_PATHS = "\"Budgeteur/Preview Content\"";
				DEVELOPMENT_TEAM = ND56MQ9FUB;
				ENABLE_PREVIEWS = YES;
				GENERATE_INFOPLIST_FILE = YES;
				INFOPLIST_KEY_UIApplicationSceneManifest_Generation = YES;
				INFOPLIST_KEY_UIApplicationSupportsIndirectInputEvents = YES;
				INFOPLIST_KEY_UILaunchScreen_Generation = YES;
				INFOPLIST_KEY_UISupportedInterfaceOrientations = UIInterfaceOrientationPortrait;
				INFOPLIST_KEY_UISupportedInterfaceOrientations_iPad = "UIInterfaceOrientationLandscapeLeft UIInterfaceOrientationLandscapeRight UIInterfaceOrientationPortrait UIInterfaceOrientationPortraitUpsideDown";
				LD_RUNPATH_SEARCH_PATHS = (
					"$(inherited)",
					"@executable_path/Frameworks",
				);
				MARKETING_VERSION = 1.0;
				PRODUCT_BUNDLE_IDENTIFIER = com.dican732.Budgeteur;
				PRODUCT_NAME = "$(TARGET_NAME)";
				SWIFT_EMIT_LOC_STRINGS = YES;
				SWIFT_VERSION = 5.0;
				TARGETED_DEVICE_FAMILY = "1,2";
			};
			name = Release;
		};
		927B91FF28F220320013B404 /* Debug */ = {
			isa = XCBuildConfiguration;
			buildSettings = {
				ALWAYS_EMBED_SWIFT_STANDARD_LIBRARIES = YES;
				BUNDLE_LOADER = "$(TEST_HOST)";
				CODE_SIGN_STYLE = Automatic;
				CURRENT_PROJECT_VERSION = 1;
				DEVELOPMENT_TEAM = ND56MQ9FUB;
				GENERATE_INFOPLIST_FILE = YES;
				IPHONEOS_DEPLOYMENT_TARGET = 16.0;
				MARKETING_VERSION = 1.0;
				PRODUCT_BUNDLE_IDENTIFIER = com.dican732.BudgeteurTests;
				PRODUCT_NAME = "$(TARGET_NAME)";
				SWIFT_EMIT_LOC_STRINGS = NO;
				SWIFT_VERSION = 5.0;
				TARGETED_DEVICE_FAMILY = "1,2";
				TEST_HOST = "$(BUILT_PRODUCTS_DIR)/Budgeteur.app/$(BUNDLE_EXECUTABLE_FOLDER_PATH)/Budgeteur";
			};
			name = Debug;
		};
		927B920028F220320013B404 /* Release */ = {
			isa = XCBuildConfiguration;
			buildSettings = {
				ALWAYS_EMBED_SWIFT_STANDARD_LIBRARIES = YES;
				BUNDLE_LOADER = "$(TEST_HOST)";
				CODE_SIGN_STYLE = Automatic;
				CURRENT_PROJECT_VERSION = 1;
				DEVELOPMENT_TEAM = ND56MQ9FUB;
				GENERATE_INFOPLIST_FILE = YES;
				IPHONEOS_DEPLOYMENT_TARGET = 16.0;
				MARKETING_VERSION = 1.0;
				PRODUCT_BUNDLE_IDENTIFIER = com.dican732.BudgeteurTests;
				PRODUCT_NAME = "$(TARGET_NAME)";
				SWIFT_EMIT_LOC_STRINGS = NO;
				SWIFT_VERSION = 5.0;
				TARGETED_DEVICE_FAMILY = "1,2";
				TEST_HOST = "$(BUILT_PRODUCTS_DIR)/Budgeteur.app/$(BUNDLE_EXECUTABLE_FOLDER_PATH)/Budgeteur";
			};
			name = Release;
		};
		927B920228F220320013B404 /* Debug */ = {
			isa = XCBuildConfiguration;
			buildSettings = {
				ALWAYS_EMBED_SWIFT_STANDARD_LIBRARIES = YES;
				CODE_SIGN_STYLE = Automatic;
				CURRENT_PROJECT_VERSION = 1;
				DEVELOPMENT_TEAM = ND56MQ9FUB;
				GENERATE_INFOPLIST_FILE = YES;
				MARKETING_VERSION = 1.0;
				PRODUCT_BUNDLE_IDENTIFIER = com.dican732.BudgeteurUITests;
				PRODUCT_NAME = "$(TARGET_NAME)";
				SWIFT_EMIT_LOC_STRINGS = NO;
				SWIFT_VERSION = 5.0;
				TARGETED_DEVICE_FAMILY = "1,2";
				TEST_TARGET_NAME = Budgeteur;
			};
			name = Debug;
		};
		927B920328F220320013B404 /* Release */ = {
			isa = XCBuildConfiguration;
			buildSettings = {
				ALWAYS_EMBED_SWIFT_STANDARD_LIBRARIES = YES;
				CODE_SIGN_STYLE = Automatic;
				CURRENT_PROJECT_VERSION = 1;
				DEVELOPMENT_TEAM = ND56MQ9FUB;
				GENERATE_INFOPLIST_FILE = YES;
				MARKETING_VERSION = 1.0;
				PRODUCT_BUNDLE_IDENTIFIER = com.dican732.BudgeteurUITests;
				PRODUCT_NAME = "$(TARGET_NAME)";
				SWIFT_EMIT_LOC_STRINGS = NO;
				SWIFT_VERSION = 5.0;
				TARGETED_DEVICE_FAMILY = "1,2";
				TEST_TARGET_NAME = Budgeteur;
			};
			name = Release;
		};
/* End XCBuildConfiguration section */

/* Begin XCConfigurationList section */
		927B91D228F220310013B404 /* Build configuration list for PBXProject "Budgeteur" */ = {
			isa = XCConfigurationList;
			buildConfigurations = (
				927B91F928F220320013B404 /* Debug */,
				927B91FA28F220320013B404 /* Release */,
			);
			defaultConfigurationIsVisible = 0;
			defaultConfigurationName = Release;
		};
		927B91FB28F220320013B404 /* Build configuration list for PBXNativeTarget "Budgeteur" */ = {
			isa = XCConfigurationList;
			buildConfigurations = (
				927B91FC28F220320013B404 /* Debug */,
				927B91FD28F220320013B404 /* Release */,
			);
			defaultConfigurationIsVisible = 0;
			defaultConfigurationName = Release;
		};
		927B91FE28F220320013B404 /* Build configuration list for PBXNativeTarget "BudgeteurTests" */ = {
			isa = XCConfigurationList;
			buildConfigurations = (
				927B91FF28F220320013B404 /* Debug */,
				927B920028F220320013B404 /* Release */,
			);
			defaultConfigurationIsVisible = 0;
			defaultConfigurationName = Release;
		};
		927B920128F220320013B404 /* Build configuration list for PBXNativeTarget "BudgeteurUITests" */ = {
			isa = XCConfigurationList;
			buildConfigurations = (
				927B920228F220320013B404 /* Debug */,
				927B920328F220320013B404 /* Release */,
			);
			defaultConfigurationIsVisible = 0;
			defaultConfigurationName = Release;
		};
/* End XCConfigurationList section */
	};
	rootObject = 927B91CF28F220310013B404 /* Project object */;
}
